
Microsoft Visual Studio Solution File, Format Version 12.00
# Visual Studio Version 17
VisualStudioVersion = 17.6.33801.468
MinimumVisualStudioVersion = 10.0.40219.1
Project("{FAE04EC0-301F-11D3-BF4B-00C04F79EFBC}") = "NPL.M.A006.Exercise.", "..\NPL.M.A006\NPL.M.A006.Exercise\NPL.M.A006.Exercise..csproj", "{57ACE1B4-12C4-4ECB-BF55-720C1457D24F}"
EndProject
Global
	GlobalSection(SolutionConfigurationPlatforms) = preSolution
		Debug|Any CPU = Debug|Any CPU
		Release|Any CPU = Release|Any CPU
	EndGlobalSection
	GlobalSection(ProjectConfigurationPlatforms) = postSolution
		{57ACE1B4-12C4-4ECB-BF55-720C1457D24F}.Debug|Any CPU.ActiveCfg = Debug|Any CPU
		{57ACE1B4-12C4-4ECB-BF55-720C1457D24F}.Debug|Any CPU.Build.0 = Debug|Any CPU
		{57ACE1B4-12C4-4ECB-BF55-720C1457D24F}.Release|Any CPU.ActiveCfg = Release|Any CPU
		{57ACE1B4-12C4-4ECB-BF55-720C1457D24F}.Release|Any CPU.Build.0 = Release|Any CPU
	EndGlobalSection
	GlobalSection(SolutionProperties) = preSolution
		HideSolutionNode = FALSE
	EndGlobalSection
	GlobalSection(ExtensibilityGlobals) = postSolution
		SolutionGuid = {9590AC7D-D504-45B5-9D2C-0886156CD53E}
	EndGlobalSection
EndGlobal
