
Microsoft Visual Studio Solution File, Format Version 12.00
# Visual Studio Version 17
VisualStudioVersion = 17.6.33801.468
MinimumVisualStudioVersion = 10.0.40219.1
Project("{9A19103F-16F7-4668-BE54-9A1E7A4F7556}") = "Example1", "Example1\Example1.csproj", "{68A29F38-2FA7-4E52-9BB9-BD20E886EA2D}"
EndProject
Project("{9A19103F-16F7-4668-BE54-9A1E7A4F7556}") = "Example2", "Example2\Example2.csproj", "{FEC411E2-1AB0-41E2-85A7-9E6F9A79FA43}"
EndProject
Project("{9A19103F-16F7-4668-BE54-9A1E7A4F7556}") = "Example3", "Example3\Example3.csproj", "{8E08BAE5-1A25-4E29-ABF0-98AAD19B0BA3}"
EndProject
Project("{9A19103F-16F7-4668-BE54-9A1E7A4F7556}") = "Example4", "Example4\Example4.csproj", "{D119A62D-203F-47A8-ACB1-21271BF0E99C}"
EndProject
Project("{9A19103F-16F7-4668-BE54-9A1E7A4F7556}") = "Example5", "Example5\Example5.csproj", "{A1345DB9-E472-4DEB-B9B8-D9EF178ECA39}"
EndProject
Project("{9A19103F-16F7-4668-BE54-9A1E7A4F7556}") = "Example6", "Example6\Example6.csproj", "{73F8A67C-7AA6-4C92-8F8C-2E7660577824}"
EndProject
Project("{9A19103F-16F7-4668-BE54-9A1E7A4F7556}") = "Example7", "Example7\Example7.csproj", "{52FA20D4-EA2A-4EC9-8698-4877DD71CD71}"
EndProject
Project("{9A19103F-16F7-4668-BE54-9A1E7A4F7556}") = "Example8", "Example8\Example8.csproj", "{A6650E99-8144-4CCC-B2FD-F527124FBEBC}"
EndProject
Project("{9A19103F-16F7-4668-BE54-9A1E7A4F7556}") = "Example9", "Example9\Example9.csproj", "{040BB2AD-5216-4424-B1FB-D1E402034622}"
EndProject
Project("{9A19103F-16F7-4668-BE54-9A1E7A4F7556}") = "Example10", "Example10\Example10.csproj", "{48FC6906-8091-4CA2-9449-19F2239A6C03}"
EndProject
Project("{9A19103F-16F7-4668-BE54-9A1E7A4F7556}") = "Example11", "Example11\Example11.csproj", "{E02CD61E-58AB-408A-8CE0-066231034826}"
EndProject
Project("{9A19103F-16F7-4668-BE54-9A1E7A4F7556}") = "Example12", "Example12\Example12.csproj", "{E9EF1198-080D-4B3F-B43A-F88880D22734}"
EndProject
Project("{9A19103F-16F7-4668-BE54-9A1E7A4F7556}") = "Example13", "Example13\Example13.csproj", "{85CB4A02-9431-4586-9844-76F8A45E8AB7}"
EndProject
Project("{9A19103F-16F7-4668-BE54-9A1E7A4F7556}") = "Example14", "Example14\Example14.csproj", "{16BE059F-5C15-4210-A874-CAFBA2BEE2B0}"
EndProject
Project("{9A19103F-16F7-4668-BE54-9A1E7A4F7556}") = "Example15", "Example15\Example15.csproj", "{23414821-3D2F-4604-BB2C-533E1B50507F}"
EndProject
Project("{9A19103F-16F7-4668-BE54-9A1E7A4F7556}") = "Example16", "Example16\Example16.csproj", "{FF0129CC-F490-4D24-8E5A-8EBEC37A97F6}"
EndProject
Project("{9A19103F-16F7-4668-BE54-9A1E7A4F7556}") = "Example17", "Example17\Example17.csproj", "{616E2A52-0F9A-48E5-A19D-DE3A63586592}"
EndProject
Project("{9A19103F-16F7-4668-BE54-9A1E7A4F7556}") = "Example18", "Example18\Example18.csproj", "{900A2349-C071-4FA2-9142-ADED03912108}"
EndProject
Project("{9A19103F-16F7-4668-BE54-9A1E7A4F7556}") = "Example19", "Example19\Example19.csproj", "{A278F0CE-8E9F-4B52-8EA8-B7C6E5C3B933}"
EndProject
Project("{9A19103F-16F7-4668-BE54-9A1E7A4F7556}") = "Example20", "Example20\Example20.csproj", "{F3DB3ADE-F5CF-41FF-8B91-A734FD35AF14}"
EndProject
Project("{9A19103F-16F7-4668-BE54-9A1E7A4F7556}") = "Example21", "Example21\Example21.csproj", "{537AE3D3-10C9-47B1-B8D1-AE7ABAE96715}"
EndProject
Project("{9A19103F-16F7-4668-BE54-9A1E7A4F7556}") = "Example22", "Example22\Example22.csproj", "{E43A406B-A71E-4E07-BAA6-086E23C24E6D}"
EndProject
Project("{9A19103F-16F7-4668-BE54-9A1E7A4F7556}") = "Example23", "Example23\Example23.csproj", "{DD75823B-7E06-43AB-8B08-164F0CC2721B}"
EndProject
Project("{9A19103F-16F7-4668-BE54-9A1E7A4F7556}") = "Example24", "Example24\Example24.csproj", "{DFCC5368-9CB8-49E0-A9B2-6B34766B7F5E}"
EndProject
Project("{9A19103F-16F7-4668-BE54-9A1E7A4F7556}") = "Example25", "Example25\Example25.csproj", "{8877225B-CD3A-4801-8B58-34034B57919A}"
EndProject
Project("{FAE04EC0-301F-11D3-BF4B-00C04F79EFBC}") = "Example26", "Example26\Example26.csproj", "{E71A54B7-525A-4470-A0F2-A47B05DE5161}"
EndProject
Project("{FAE04EC0-301F-11D3-BF4B-00C04F79EFBC}") = "Example27", "Example27\Example27.csproj", "{092E1A1D-20FC-4482-AD64-3F22D2915EF7}"
EndProject
Project("{FAE04EC0-301F-11D3-BF4B-00C04F79EFBC}") = "Example28", "Example28\Example28.csproj", "{2787BBA7-726D-4D34-869A-E89C053DDCFA}"
EndProject
Project("{FAE04EC0-301F-11D3-BF4B-00C04F79EFBC}") = "Example29", "Example29\Example29.csproj", "{A5B1F9F6-736B-4D8F-BD59-F13C71B3F5F6}"
EndProject
Global
	GlobalSection(SolutionConfigurationPlatforms) = preSolution
		Debug|Any CPU = Debug|Any CPU
		Release|Any CPU = Release|Any CPU
	EndGlobalSection
	GlobalSection(ProjectConfigurationPlatforms) = postSolution
		{68A29F38-2FA7-4E52-9BB9-BD20E886EA2D}.Debug|Any CPU.ActiveCfg = Debug|Any CPU
		{68A29F38-2FA7-4E52-9BB9-BD20E886EA2D}.Debug|Any CPU.Build.0 = Debug|Any CPU
		{68A29F38-2FA7-4E52-9BB9-BD20E886EA2D}.Release|Any CPU.ActiveCfg = Release|Any CPU
		{68A29F38-2FA7-4E52-9BB9-BD20E886EA2D}.Release|Any CPU.Build.0 = Release|Any CPU
		{FEC411E2-1AB0-41E2-85A7-9E6F9A79FA43}.Debug|Any CPU.ActiveCfg = Debug|Any CPU
		{FEC411E2-1AB0-41E2-85A7-9E6F9A79FA43}.Debug|Any CPU.Build.0 = Debug|Any CPU
		{FEC411E2-1AB0-41E2-85A7-9E6F9A79FA43}.Release|Any CPU.ActiveCfg = Release|Any CPU
		{FEC411E2-1AB0-41E2-85A7-9E6F9A79FA43}.Release|Any CPU.Build.0 = Release|Any CPU
		{8E08BAE5-1A25-4E29-ABF0-98AAD19B0BA3}.Debug|Any CPU.ActiveCfg = Debug|Any CPU
		{8E08BAE5-1A25-4E29-ABF0-98AAD19B0BA3}.Debug|Any CPU.Build.0 = Debug|Any CPU
		{8E08BAE5-1A25-4E29-ABF0-98AAD19B0BA3}.Release|Any CPU.ActiveCfg = Release|Any CPU
		{8E08BAE5-1A25-4E29-ABF0-98AAD19B0BA3}.Release|Any CPU.Build.0 = Release|Any CPU
		{D119A62D-203F-47A8-ACB1-21271BF0E99C}.Debug|Any CPU.ActiveCfg = Debug|Any CPU
		{D119A62D-203F-47A8-ACB1-21271BF0E99C}.Debug|Any CPU.Build.0 = Debug|Any CPU
		{D119A62D-203F-47A8-ACB1-21271BF0E99C}.Release|Any CPU.ActiveCfg = Release|Any CPU
		{D119A62D-203F-47A8-ACB1-21271BF0E99C}.Release|Any CPU.Build.0 = Release|Any CPU
		{A1345DB9-E472-4DEB-B9B8-D9EF178ECA39}.Debug|Any CPU.ActiveCfg = Debug|Any CPU
		{A1345DB9-E472-4DEB-B9B8-D9EF178ECA39}.Debug|Any CPU.Build.0 = Debug|Any CPU
		{A1345DB9-E472-4DEB-B9B8-D9EF178ECA39}.Release|Any CPU.ActiveCfg = Release|Any CPU
		{A1345DB9-E472-4DEB-B9B8-D9EF178ECA39}.Release|Any CPU.Build.0 = Release|Any CPU
		{73F8A67C-7AA6-4C92-8F8C-2E7660577824}.Debug|Any CPU.ActiveCfg = Debug|Any CPU
		{73F8A67C-7AA6-4C92-8F8C-2E7660577824}.Debug|Any CPU.Build.0 = Debug|Any CPU
		{73F8A67C-7AA6-4C92-8F8C-2E7660577824}.Release|Any CPU.ActiveCfg = Release|Any CPU
		{73F8A67C-7AA6-4C92-8F8C-2E7660577824}.Release|Any CPU.Build.0 = Release|Any CPU
		{52FA20D4-EA2A-4EC9-8698-4877DD71CD71}.Debug|Any CPU.ActiveCfg = Debug|Any CPU
		{52FA20D4-EA2A-4EC9-8698-4877DD71CD71}.Debug|Any CPU.Build.0 = Debug|Any CPU
		{52FA20D4-EA2A-4EC9-8698-4877DD71CD71}.Release|Any CPU.ActiveCfg = Release|Any CPU
		{52FA20D4-EA2A-4EC9-8698-4877DD71CD71}.Release|Any CPU.Build.0 = Release|Any CPU
		{A6650E99-8144-4CCC-B2FD-F527124FBEBC}.Debug|Any CPU.ActiveCfg = Debug|Any CPU
		{A6650E99-8144-4CCC-B2FD-F527124FBEBC}.Debug|Any CPU.Build.0 = Debug|Any CPU
		{A6650E99-8144-4CCC-B2FD-F527124FBEBC}.Release|Any CPU.ActiveCfg = Release|Any CPU
		{A6650E99-8144-4CCC-B2FD-F527124FBEBC}.Release|Any CPU.Build.0 = Release|Any CPU
		{040BB2AD-5216-4424-B1FB-D1E402034622}.Debug|Any CPU.ActiveCfg = Debug|Any CPU
		{040BB2AD-5216-4424-B1FB-D1E402034622}.Debug|Any CPU.Build.0 = Debug|Any CPU
		{040BB2AD-5216-4424-B1FB-D1E402034622}.Release|Any CPU.ActiveCfg = Release|Any CPU
		{040BB2AD-5216-4424-B1FB-D1E402034622}.Release|Any CPU.Build.0 = Release|Any CPU
		{48FC6906-8091-4CA2-9449-19F2239A6C03}.Debug|Any CPU.ActiveCfg = Debug|Any CPU
		{48FC6906-8091-4CA2-9449-19F2239A6C03}.Debug|Any CPU.Build.0 = Debug|Any CPU
		{48FC6906-8091-4CA2-9449-19F2239A6C03}.Release|Any CPU.ActiveCfg = Release|Any CPU
		{48FC6906-8091-4CA2-9449-19F2239A6C03}.Release|Any CPU.Build.0 = Release|Any CPU
		{E02CD61E-58AB-408A-8CE0-066231034826}.Debug|Any CPU.ActiveCfg = Debug|Any CPU
		{E02CD61E-58AB-408A-8CE0-066231034826}.Debug|Any CPU.Build.0 = Debug|Any CPU
		{E02CD61E-58AB-408A-8CE0-066231034826}.Release|Any CPU.ActiveCfg = Release|Any CPU
		{E02CD61E-58AB-408A-8CE0-066231034826}.Release|Any CPU.Build.0 = Release|Any CPU
		{E9EF1198-080D-4B3F-B43A-F88880D22734}.Debug|Any CPU.ActiveCfg = Debug|Any CPU
		{E9EF1198-080D-4B3F-B43A-F88880D22734}.Debug|Any CPU.Build.0 = Debug|Any CPU
		{E9EF1198-080D-4B3F-B43A-F88880D22734}.Release|Any CPU.ActiveCfg = Release|Any CPU
		{E9EF1198-080D-4B3F-B43A-F88880D22734}.Release|Any CPU.Build.0 = Release|Any CPU
		{85CB4A02-9431-4586-9844-76F8A45E8AB7}.Debug|Any CPU.ActiveCfg = Debug|Any CPU
		{85CB4A02-9431-4586-9844-76F8A45E8AB7}.Debug|Any CPU.Build.0 = Debug|Any CPU
		{85CB4A02-9431-4586-9844-76F8A45E8AB7}.Release|Any CPU.ActiveCfg = Release|Any CPU
		{85CB4A02-9431-4586-9844-76F8A45E8AB7}.Release|Any CPU.Build.0 = Release|Any CPU
		{16BE059F-5C15-4210-A874-CAFBA2BEE2B0}.Debug|Any CPU.ActiveCfg = Debug|Any CPU
		{16BE059F-5C15-4210-A874-CAFBA2BEE2B0}.Debug|Any CPU.Build.0 = Debug|Any CPU
		{16BE059F-5C15-4210-A874-CAFBA2BEE2B0}.Release|Any CPU.ActiveCfg = Release|Any CPU
		{16BE059F-5C15-4210-A874-CAFBA2BEE2B0}.Release|Any CPU.Build.0 = Release|Any CPU
		{23414821-3D2F-4604-BB2C-533E1B50507F}.Debug|Any CPU.ActiveCfg = Debug|Any CPU
		{23414821-3D2F-4604-BB2C-533E1B50507F}.Debug|Any CPU.Build.0 = Debug|Any CPU
		{23414821-3D2F-4604-BB2C-533E1B50507F}.Release|Any CPU.ActiveCfg = Release|Any CPU
		{23414821-3D2F-4604-BB2C-533E1B50507F}.Release|Any CPU.Build.0 = Release|Any CPU
		{FF0129CC-F490-4D24-8E5A-8EBEC37A97F6}.Debug|Any CPU.ActiveCfg = Debug|Any CPU
		{FF0129CC-F490-4D24-8E5A-8EBEC37A97F6}.Debug|Any CPU.Build.0 = Debug|Any CPU
		{FF0129CC-F490-4D24-8E5A-8EBEC37A97F6}.Release|Any CPU.ActiveCfg = Release|Any CPU
		{FF0129CC-F490-4D24-8E5A-8EBEC37A97F6}.Release|Any CPU.Build.0 = Release|Any CPU
		{616E2A52-0F9A-48E5-A19D-DE3A63586592}.Debug|Any CPU.ActiveCfg = Debug|Any CPU
		{616E2A52-0F9A-48E5-A19D-DE3A63586592}.Debug|Any CPU.Build.0 = Debug|Any CPU
		{616E2A52-0F9A-48E5-A19D-DE3A63586592}.Release|Any CPU.ActiveCfg = Release|Any CPU
		{616E2A52-0F9A-48E5-A19D-DE3A63586592}.Release|Any CPU.Build.0 = Release|Any CPU
		{900A2349-C071-4FA2-9142-ADED03912108}.Debug|Any CPU.ActiveCfg = Debug|Any CPU
		{900A2349-C071-4FA2-9142-ADED03912108}.Debug|Any CPU.Build.0 = Debug|Any CPU
		{900A2349-C071-4FA2-9142-ADED03912108}.Release|Any CPU.ActiveCfg = Release|Any CPU
		{900A2349-C071-4FA2-9142-ADED03912108}.Release|Any CPU.Build.0 = Release|Any CPU
		{A278F0CE-8E9F-4B52-8EA8-B7C6E5C3B933}.Debug|Any CPU.ActiveCfg = Debug|Any CPU
		{A278F0CE-8E9F-4B52-8EA8-B7C6E5C3B933}.Debug|Any CPU.Build.0 = Debug|Any CPU
		{A278F0CE-8E9F-4B52-8EA8-B7C6E5C3B933}.Release|Any CPU.ActiveCfg = Release|Any CPU
		{A278F0CE-8E9F-4B52-8EA8-B7C6E5C3B933}.Release|Any CPU.Build.0 = Release|Any CPU
		{F3DB3ADE-F5CF-41FF-8B91-A734FD35AF14}.Debug|Any CPU.ActiveCfg = Debug|Any CPU
		{F3DB3ADE-F5CF-41FF-8B91-A734FD35AF14}.Debug|Any CPU.Build.0 = Debug|Any CPU
		{F3DB3ADE-F5CF-41FF-8B91-A734FD35AF14}.Release|Any CPU.ActiveCfg = Release|Any CPU
		{F3DB3ADE-F5CF-41FF-8B91-A734FD35AF14}.Release|Any CPU.Build.0 = Release|Any CPU
		{537AE3D3-10C9-47B1-B8D1-AE7ABAE96715}.Debug|Any CPU.ActiveCfg = Debug|Any CPU
		{537AE3D3-10C9-47B1-B8D1-AE7ABAE96715}.Debug|Any CPU.Build.0 = Debug|Any CPU
		{537AE3D3-10C9-47B1-B8D1-AE7ABAE96715}.Release|Any CPU.ActiveCfg = Release|Any CPU
		{537AE3D3-10C9-47B1-B8D1-AE7ABAE96715}.Release|Any CPU.Build.0 = Release|Any CPU
		{E43A406B-A71E-4E07-BAA6-086E23C24E6D}.Debug|Any CPU.ActiveCfg = Debug|Any CPU
		{E43A406B-A71E-4E07-BAA6-086E23C24E6D}.Debug|Any CPU.Build.0 = Debug|Any CPU
		{E43A406B-A71E-4E07-BAA6-086E23C24E6D}.Release|Any CPU.ActiveCfg = Release|Any CPU
		{E43A406B-A71E-4E07-BAA6-086E23C24E6D}.Release|Any CPU.Build.0 = Release|Any CPU
		{DD75823B-7E06-43AB-8B08-164F0CC2721B}.Debug|Any CPU.ActiveCfg = Debug|Any CPU
		{DD75823B-7E06-43AB-8B08-164F0CC2721B}.Debug|Any CPU.Build.0 = Debug|Any CPU
		{DD75823B-7E06-43AB-8B08-164F0CC2721B}.Release|Any CPU.ActiveCfg = Release|Any CPU
		{DD75823B-7E06-43AB-8B08-164F0CC2721B}.Release|Any CPU.Build.0 = Release|Any CPU
		{DFCC5368-9CB8-49E0-A9B2-6B34766B7F5E}.Debug|Any CPU.ActiveCfg = Debug|Any CPU
		{DFCC5368-9CB8-49E0-A9B2-6B34766B7F5E}.Debug|Any CPU.Build.0 = Debug|Any CPU
		{DFCC5368-9CB8-49E0-A9B2-6B34766B7F5E}.Release|Any CPU.ActiveCfg = Release|Any CPU
		{DFCC5368-9CB8-49E0-A9B2-6B34766B7F5E}.Release|Any CPU.Build.0 = Release|Any CPU
		{8877225B-CD3A-4801-8B58-34034B57919A}.Debug|Any CPU.ActiveCfg = Debug|Any CPU
		{8877225B-CD3A-4801-8B58-34034B57919A}.Debug|Any CPU.Build.0 = Debug|Any CPU
		{8877225B-CD3A-4801-8B58-34034B57919A}.Release|Any CPU.ActiveCfg = Release|Any CPU
		{8877225B-CD3A-4801-8B58-34034B57919A}.Release|Any CPU.Build.0 = Release|Any CPU
		{E71A54B7-525A-4470-A0F2-A47B05DE5161}.Debug|Any CPU.ActiveCfg = Debug|Any CPU
		{E71A54B7-525A-4470-A0F2-A47B05DE5161}.Debug|Any CPU.Build.0 = Debug|Any CPU
		{E71A54B7-525A-4470-A0F2-A47B05DE5161}.Release|Any CPU.ActiveCfg = Release|Any CPU
		{E71A54B7-525A-4470-A0F2-A47B05DE5161}.Release|Any CPU.Build.0 = Release|Any CPU
		{092E1A1D-20FC-4482-AD64-3F22D2915EF7}.Debug|Any CPU.ActiveCfg = Debug|Any CPU
		{092E1A1D-20FC-4482-AD64-3F22D2915EF7}.Debug|Any CPU.Build.0 = Debug|Any CPU
		{092E1A1D-20FC-4482-AD64-3F22D2915EF7}.Release|Any CPU.ActiveCfg = Release|Any CPU
		{092E1A1D-20FC-4482-AD64-3F22D2915EF7}.Release|Any CPU.Build.0 = Release|Any CPU
		{2787BBA7-726D-4D34-869A-E89C053DDCFA}.Debug|Any CPU.ActiveCfg = Debug|Any CPU
		{2787BBA7-726D-4D34-869A-E89C053DDCFA}.Debug|Any CPU.Build.0 = Debug|Any CPU
		{2787BBA7-726D-4D34-869A-E89C053DDCFA}.Release|Any CPU.ActiveCfg = Release|Any CPU
		{2787BBA7-726D-4D34-869A-E89C053DDCFA}.Release|Any CPU.Build.0 = Release|Any CPU
		{A5B1F9F6-736B-4D8F-BD59-F13C71B3F5F6}.Debug|Any CPU.ActiveCfg = Debug|Any CPU
		{A5B1F9F6-736B-4D8F-BD59-F13C71B3F5F6}.Debug|Any CPU.Build.0 = Debug|Any CPU
		{A5B1F9F6-736B-4D8F-BD59-F13C71B3F5F6}.Release|Any CPU.ActiveCfg = Release|Any CPU
		{A5B1F9F6-736B-4D8F-BD59-F13C71B3F5F6}.Release|Any CPU.Build.0 = Release|Any CPU
	EndGlobalSection
	GlobalSection(SolutionProperties) = preSolution
		HideSolutionNode = FALSE
	EndGlobalSection
	GlobalSection(ExtensibilityGlobals) = postSolution
		SolutionGuid = {FCFF4D75-4FCF-4804-B879-DF8B3A750C7D}
	EndGlobalSection
EndGlobal
